// !$*UTF8*$!
{
	archiveVersion = 1;
	classes = {
	};
	objectVersion = 46;
	objects = {

/* Begin PBXBuildFile section */
		20747ABB1D8906050010D69B /* AppDelegate.swift in Sources */ = {isa = PBXBuildFile; fileRef = 20747ABA1D8906050010D69B /* AppDelegate.swift */; };
		20747ABD1D8906050010D69B /* ViewController.swift in Sources */ = {isa = PBXBuildFile; fileRef = 20747ABC1D8906050010D69B /* ViewController.swift */; };
		20747ABF1D8906050010D69B /* Assets.xcassets in Resources */ = {isa = PBXBuildFile; fileRef = 20747ABE1D8906050010D69B /* Assets.xcassets */; };
		20747AC21D8906050010D69B /* Main.storyboard in Resources */ = {isa = PBXBuildFile; fileRef = 20747AC01D8906050010D69B /* Main.storyboard */; };
		20747ACA1D8909970010D69B /* HTTPRequestManager.swift in Sources */ = {isa = PBXBuildFile; fileRef = 20747AC91D8909970010D69B /* HTTPRequestManager.swift */; };
		20747ACC1D8910130010D69B /* HTTPRequestDelegate.swift in Sources */ = {isa = PBXBuildFile; fileRef = 20747ACB1D8910130010D69B /* HTTPRequestDelegate.swift */; };
		20747ACE1D89EDD20010D69B /* HTTPError.swift in Sources */ = {isa = PBXBuildFile; fileRef = 20747ACD1D89EDD20010D69B /* HTTPError.swift */; };
/* End PBXBuildFile section */

/* Begin PBXFileReference section */
		20747AB71D8906050010D69B /* 5623_13_code.app */ = {isa = PBXFileReference; explicitFileType = wrapper.application; includeInIndex = 0; path = 5623_13_code.app; sourceTree = BUILT_PRODUCTS_DIR; };
		20747ABA1D8906050010D69B /* AppDelegate.swift */ = {isa = PBXFileReference; lastKnownFileType = sourcecode.swift; path = AppDelegate.swift; sourceTree = "<group>"; };
		20747ABC1D8906050010D69B /* ViewController.swift */ = {isa = PBXFileReference; lastKnownFileType = sourcecode.swift; path = ViewController.swift; sourceTree = "<group>"; };
		20747ABE1D8906050010D69B /* Assets.xcassets */ = {isa = PBXFileReference; lastKnownFileType = folder.assetcatalog; path = Assets.xcassets; sourceTree = "<group>"; };
		20747AC11D8906050010D69B /* Base */ = {isa = PBXFileReference; lastKnownFileType = file.storyboard; name = Base; path = Base.lproj/Main.storyboard; sourceTree = "<group>"; };
		20747AC31D8906050010D69B /* Info.plist */ = {isa = PBXFileReference; lastKnownFileType = text.plist.xml; path = Info.plist; sourceTree = "<group>"; };
		20747AC91D8909970010D69B /* HTTPRequestManager.swift */ = {isa = PBXFileReference; fileEncoding = 4; lastKnownFileType = sourcecode.swift; path = HTTPRequestManager.swift; sourceTree = "<group>"; };
		20747ACB1D8910130010D69B /* HTTPRequestDelegate.swift */ = {isa = PBXFileReference; fileEncoding = 4; lastKnownFileType = sourcecode.swift; path = HTTPRequestDelegate.swift; sourceTree = "<group>"; };
		20747ACD1D89EDD20010D69B /* HTTPError.swift */ = {isa = PBXFileReference; fileEncoding = 4; lastKnownFileType = sourcecode.swift; path = HTTPError.swift; sourceTree = "<group>"; };
/* End PBXFileReference section */

/* Begin PBXFrameworksBuildPhase section */
		20747AB41D8906050010D69B /* Frameworks */ = {
			isa = PBXFrameworksBuildPhase;
			buildActionMask = 2147483647;
			files = (
			);
			runOnlyForDeploymentPostprocessing = 0;
		};
/* End PBXFrameworksBuildPhase section */

/* Begin PBXGroup section */
		20747AAE1D8906050010D69B = {
			isa = PBXGroup;
			children = (
				20747AB91D8906050010D69B /* 5623_14_code */,
				20747AB81D8906050010D69B /* Products */,
			);
			sourceTree = "<group>";
		};
		20747AB81D8906050010D69B /* Products */ = {
			isa = PBXGroup;
			children = (
				20747AB71D8906050010D69B /* 5623_13_code.app */,
			);
			name = Products;
			sourceTree = "<group>";
		};
		20747AB91D8906050010D69B /* 5623_14_code */ = {
			isa = PBXGroup;
			children = (
				20747ACD1D89EDD20010D69B /* HTTPError.swift */,
				20747ABA1D8906050010D69B /* AppDelegate.swift */,
				20747ABC1D8906050010D69B /* ViewController.swift */,
				20747ABE1D8906050010D69B /* Assets.xcassets */,
				20747AC01D8906050010D69B /* Main.storyboard */,
				20747AC91D8909970010D69B /* HTTPRequestManager.swift */,
				20747ACB1D8910130010D69B /* HTTPRequestDelegate.swift */,
				20747AC31D8906050010D69B /* Info.plist */,
			);
			name = 5623_14_code;
			path = 5623_13_code;
			sourceTree = "<group>";
		};
/* End PBXGroup section */

/* Begin PBXNativeTarget section */
		20747AB61D8906050010D69B /* 5623_13_code */ = {
			isa = PBXNativeTarget;
			buildConfigurationList = 20747AC61D8906050010D69B /* Build configuration list for PBXNativeTarget "5623_13_code" */;
			buildPhases = (
				20747AB31D8906050010D69B /* Sources */,
				20747AB41D8906050010D69B /* Frameworks */,
				20747AB51D8906050010D69B /* Resources */,
			);
			buildRules = (
			);
			dependencies = (
			);
			name = 5623_13_code;
			productName = 5623_13_code;
			productReference = 20747AB71D8906050010D69B /* 5623_13_code.app */;
			productType = "com.apple.product-type.application";
		};
/* End PBXNativeTarget section */

/* Begin PBXProject section */
		20747AAF1D8906050010D69B /* Project object */ = {
			isa = PBXProject;
			attributes = {
				LastSwiftUpdateCheck = 0800;
				LastUpgradeCheck = 0800;
				ORGANIZATIONNAME = "Stuart Grimshaw";
				TargetAttributes = {
					20747AB61D8906050010D69B = {
						CreatedOnToolsVersion = 8.0;
						DevelopmentTeam = 5GDE7NE8UA;
						ProvisioningStyle = Automatic;
					};
				};
			};
			buildConfigurationList = 20747AB21D8906050010D69B /* Build configuration list for PBXProject "5623_14_code" */;
			compatibilityVersion = "Xcode 3.2";
			developmentRegion = English;
			hasScannedForEncodings = 0;
			knownRegions = (
				en,
				Base,
			);
			mainGroup = 20747AAE1D8906050010D69B;
			productRefGroup = 20747AB81D8906050010D69B /* Products */;
			projectDirPath = "";
			projectRoot = "";
			targets = (
				20747AB61D8906050010D69B /* 5623_13_code */,
			);
		};
/* End PBXProject section */

/* Begin PBXResourcesBuildPhase section */
		20747AB51D8906050010D69B /* Resources */ = {
			isa = PBXResourcesBuildPhase;
			buildActionMask = 2147483647;
			files = (
				20747ABF1D8906050010D69B /* Assets.xcassets in Resources */,
				20747AC21D8906050010D69B /* Main.storyboard in Resources */,
			);
			runOnlyForDeploymentPostprocessing = 0;
		};
/* End PBXResourcesBuildPhase section */

/* Begin PBXSourcesBuildPhase section */
		20747AB31D8906050010D69B /* Sources */ = {
			isa = PBXSourcesBuildPhase;
			buildActionMask = 2147483647;
			files = (
				20747ACC1D8910130010D69B /* HTTPRequestDelegate.swift in Sources */,
				20747ABD1D8906050010D69B /* ViewController.swift in Sources */,
				20747ABB1D8906050010D69B /* AppDelegate.swift in Sources */,
				20747ACE1D89EDD20010D69B /* HTTPError.swift in Sources */,
				20747ACA1D8909970010D69B /* HTTPRequestManager.swift in Sources */,
			);
			runOnlyForDeploymentPostprocessing = 0;
		};
/* End PBXSourcesBuildPhase section */

/* Begin PBXVariantGroup section */
		20747AC01D8906050010D69B /* Main.storyboard */ = {
			isa = PBXVariantGroup;
			children = (
				20747AC11D8906050010D69B /* Base */,
			);
			name = Main.storyboard;
			sourceTree = "<group>";
		};
/* End PBXVariantGroup section */

/* Begin XCBuildConfiguration section */
		20747AC41D8906050010D69B /* Debug */ = {
			isa = XCBuildConfiguration;
			buildSettings = {
				ALWAYS_SEARCH_USER_PATHS = NO;
				CLANG_ANALYZER_NONNULL = YES;
				CLANG_CXX_LANGUAGE_STANDARD = "gnu++0x";
				CLANG_CXX_LIBRARY = "libc++";
				CLANG_ENABLE_MODULES = YES;
				CLANG_ENABLE_OBJC_ARC = YES;
				CLANG_WARN_BOOL_CONVERSION = YES;
				CLANG_WARN_CONSTANT_CONVERSION = YES;
				CLANG_WARN_DIRECT_OBJC_ISA_USAGE = YES_ERROR;
				CLANG_WARN_DOCUMENTATION_COMMENTS = YES;
				CLANG_WARN_EMPTY_BODY = YES;
				CLANG_WARN_ENUM_CONVERSION = YES;
				CLANG_WARN_INFINITE_RECURSION = YES;
				CLANG_WARN_INT_CONVERSION = YES;
				CLANG_WARN_OBJC_ROOT_CLASS = YES_ERROR;
				CLANG_WARN_SUSPICIOUS_MOVES = YES;
				CLANG_WARN_UNREACHABLE_CODE = YES;
				CLANG_WARN__DUPLICATE_METHOD_MATCH = YES;
				CODE_SIGN_IDENTITY = "-";
				COPY_PHASE_STRIP = NO;
				DEBUG_INFORMATION_FORMAT = dwarf;
				ENABLE_STRICT_OBJC_MSGSEND = YES;
				ENABLE_TESTABILITY = YES;
				GCC_C_LANGUAGE_STANDARD = gnu99;
				GCC_DYNAMIC_NO_PIC = NO;
				GCC_NO_COMMON_BLOCKS = YES;
				GCC_OPTIMIZATION_LEVEL = 0;
				GCC_PREPROCESSOR_DEFINITIONS = (
					"DEBUG=1",
					"$(inherited)",
				);
				GCC_WARN_64_TO_32_BIT_CONVERSION = YES;
				GCC_WARN_ABOUT_RETURN_TYPE = YES_ERROR;
				GCC_WARN_UNDECLARED_SELECTOR = YES;
				GCC_WARN_UNINITIALIZED_AUTOS = YES_AGGRESSIVE;
				GCC_WARN_UNUSED_FUNCTION = YES;
				GCC_WARN_UNUSED_VARIABLE = YES;
				MACOSX_DEPLOYMENT_TARGET = 10.12;
				MTL_ENABLE_DEBUG_INFO = YES;
				ONLY_ACTIVE_ARCH = YES;
				SDKROOT = macosx;
				SWIFT_ACTIVE_COMPILATION_CONDITIONS = DEBUG;
				SWIFT_OPTIMIZATION_LEVEL = "-Onone";
			};
			name = Debug;
		};
		20747AC51D8906050010D69B /* Release */ = {
			isa = XCBuildConfiguration;
			buildSettings = {
				ALWAYS_SEARCH_USER_PATHS = NO;
				CLANG_ANALYZER_NONNULL = YES;
				CLANG_CXX_LANGUAGE_STANDARD = "gnu++0x";
				CLANG_CXX_LIBRARY = "libc++";
				CLANG_ENABLE_MODULES = YES;
				CLANG_ENABLE_OBJC_ARC = YES;
				CLANG_WARN_BOOL_CONVERSION = YES;
				CLANG_WARN_CONSTANT_CONVERSION = YES;
				CLANG_WARN_DIRECT_OBJC_ISA_USAGE = YES_ERROR;
				CLANG_WARN_DOCUMENTATION_COMMENTS = YES;
				CLANG_WARN_EMPTY_BODY = YES;
				CLANG_WARN_ENUM_CONVERSION = YES;
				CLANG_WARN_INFINITE_RECURSION = YES;
				CLANG_WARN_INT_CONVERSION = YES;
				CLANG_WARN_OBJC_ROOT_CLASS = YES_ERROR;
				CLANG_WARN_SUSPICIOUS_MOVES = YES;
				CLANG_WARN_UNREACHABLE_CODE = YES;
				CLANG_WARN__DUPLICATE_METHOD_MATCH = YES;
				CODE_SIGN_IDENTITY = "-";
				COPY_PHASE_STRIP = NO;
				DEBUG_INFORMATION_FORMAT = "dwarf-with-dsym";
				ENABLE_NS_ASSERTIONS = NO;
				ENABLE_STRICT_OBJC_MSGSEND = YES;
				GCC_C_LANGUAGE_STANDARD = gnu99;
				GCC_NO_COMMON_BLOCKS = YES;
				GCC_WARN_64_TO_32_BIT_CONVERSION = YES;
				GCC_WARN_ABOUT_RETURN_TYPE = YES_ERROR;
				GCC_WARN_UNDECLARED_SELECTOR = YES;
				GCC_WARN_UNINITIALIZED_AUTOS = YES_AGGRESSIVE;
				GCC_WARN_UNUSED_FUNCTION = YES;
				GCC_WARN_UNUSED_VARIABLE = YES;
				MACOSX_DEPLOYMENT_TARGET = 10.12;
				MTL_ENABLE_DEBUG_INFO = NO;
				SDKROOT = macosx;
				SWIFT_OPTIMIZATION_LEVEL = "-Owholemodule";
			};
			name = Release;
		};
		20747AC71D8906050010D69B /* Debug */ = {
			isa = XCBuildConfiguration;
			buildSettings = {
				ASSETCATALOG_COMPILER_APPICON_NAME = AppIcon;
				COMBINE_HIDPI_IMAGES = YES;
				DEVELOPMENT_TEAM = 5GDE7NE8UA;
				INFOPLIST_FILE = 5623_13_code/Info.plist;
				LD_RUNPATH_SEARCH_PATHS = "$(inherited) @executable_path/../Frameworks";
				PRODUCT_BUNDLE_IDENTIFIER = "com.stusoft.-623-14-code";
				PRODUCT_NAME = "$(TARGET_NAME)";
				SWIFT_VERSION = 3.0;
			};
			name = Debug;
		};
		20747AC81D8906050010D69B /* Release */ = {
			isa = XCBuildConfiguration;
			buildSettings = {
				ASSETCATALOG_COMPILER_APPICON_NAME = AppIcon;
				COMBINE_HIDPI_IMAGES = YES;
				DEVELOPMENT_TEAM = 5GDE7NE8UA;
				INFOPLIST_FILE = 5623_13_code/Info.plist;
				LD_RUNPATH_SEARCH_PATHS = "$(inherited) @executable_path/../Frameworks";
				PRODUCT_BUNDLE_IDENTIFIER = "com.stusoft.-623-14-code";
				PRODUCT_NAME = "$(TARGET_NAME)";
				SWIFT_VERSION = 3.0;
			};
			name = Release;
		};
/* End XCBuildConfiguration section */

/* Begin XCConfigurationList section */
		20747AB21D8906050010D69B /* Build configuration list for PBXProject "5623_14_code" */ = {
			isa = XCConfigurationList;
			buildConfigurations = (
				20747AC41D8906050010D69B /* Debug */,
				20747AC51D8906050010D69B /* Release */,
			);
			defaultConfigurationIsVisible = 0;
			defaultConfigurationName = Release;
		};
		20747AC61D8906050010D69B /* Build configuration list for PBXNativeTarget "5623_13_code" */ = {
			isa = XCConfigurationList;
			buildConfigurations = (
				20747AC71D8906050010D69B /* Debug */,
				20747AC81D8906050010D69B /* Release */,
			);
			defaultConfigurationIsVisible = 0;
			defaultConfigurationName = Release;
		};
/* End XCConfigurationList section */
	};
	rootObject = 20747AAF1D8906050010D69B /* Project object */;
}
