// !$*UTF8*$!
{
	archiveVersion = 1;
	classes = {
	};
	objectVersion = 46;
	objects = {

/* Begin PBXBuildFile section */
		20DDD74D1DC68E900077BB95 /* AppDelegate.swift in Sources */ = {isa = PBXBuildFile; fileRef = 20DDD74C1DC68E900077BB95 /* AppDelegate.swift */; };
		20DDD74F1DC68E900077BB95 /* ViewController.swift in Sources */ = {isa = PBXBuildFile; fileRef = 20DDD74E1DC68E900077BB95 /* ViewController.swift */; };
		20DDD7511DC68E900077BB95 /* Assets.xcassets in Resources */ = {isa = PBXBuildFile; fileRef = 20DDD7501DC68E900077BB95 /* Assets.xcassets */; };
		20DDD7541DC68E900077BB95 /* Main.storyboard in Resources */ = {isa = PBXBuildFile; fileRef = 20DDD7521DC68E900077BB95 /* Main.storyboard */; };
		20FA29C11DC80337006F86CC /* ButtonView.swift in Sources */ = {isa = PBXBuildFile; fileRef = 20FA29C01DC80337006F86CC /* ButtonView.swift */; };
		20FA29C31DC83EA4006F86CC /* DialClockView.swift in Sources */ = {isa = PBXBuildFile; fileRef = 20DDD75B1DC697500077BB95 /* DialClockView.swift */; };
		20FA29C41DC83EBC006F86CC /* PieClockView.swift in Sources */ = {isa = PBXBuildFile; fileRef = 20DDD75D1DC6C3580077BB95 /* PieClockView.swift */; };
/* End PBXBuildFile section */

/* Begin PBXFileReference section */
		20DDD7491DC68E900077BB95 /* 5623_09_code.app */ = {isa = PBXFileReference; explicitFileType = wrapper.application; includeInIndex = 0; path = 5623_09_code.app; sourceTree = BUILT_PRODUCTS_DIR; };
		20DDD74C1DC68E900077BB95 /* AppDelegate.swift */ = {isa = PBXFileReference; lastKnownFileType = sourcecode.swift; path = AppDelegate.swift; sourceTree = "<group>"; };
		20DDD74E1DC68E900077BB95 /* ViewController.swift */ = {isa = PBXFileReference; lastKnownFileType = sourcecode.swift; path = ViewController.swift; sourceTree = "<group>"; };
		20DDD7501DC68E900077BB95 /* Assets.xcassets */ = {isa = PBXFileReference; lastKnownFileType = folder.assetcatalog; path = Assets.xcassets; sourceTree = "<group>"; };
		20DDD7531DC68E900077BB95 /* Base */ = {isa = PBXFileReference; lastKnownFileType = file.storyboard; name = Base; path = Base.lproj/Main.storyboard; sourceTree = "<group>"; };
		20DDD7551DC68E900077BB95 /* Info.plist */ = {isa = PBXFileReference; lastKnownFileType = text.plist.xml; path = Info.plist; sourceTree = "<group>"; };
		20DDD75B1DC697500077BB95 /* DialClockView.swift */ = {isa = PBXFileReference; fileEncoding = 4; lastKnownFileType = sourcecode.swift; path = DialClockView.swift; sourceTree = "<group>"; };
		20DDD75D1DC6C3580077BB95 /* PieClockView.swift */ = {isa = PBXFileReference; fileEncoding = 4; lastKnownFileType = sourcecode.swift; path = PieClockView.swift; sourceTree = "<group>"; };
		20FA29C01DC80337006F86CC /* ButtonView.swift */ = {isa = PBXFileReference; fileEncoding = 4; lastKnownFileType = sourcecode.swift; path = ButtonView.swift; sourceTree = "<group>"; };
/* End PBXFileReference section */

/* Begin PBXFrameworksBuildPhase section */
		20DDD7461DC68E900077BB95 /* Frameworks */ = {
			isa = PBXFrameworksBuildPhase;
			buildActionMask = 2147483647;
			files = (
			);
			runOnlyForDeploymentPostprocessing = 0;
		};
/* End PBXFrameworksBuildPhase section */

/* Begin PBXGroup section */
		20DDD7401DC68E900077BB95 = {
			isa = PBXGroup;
			children = (
				20DDD74B1DC68E900077BB95 /* 5623_09_code */,
				20DDD74A1DC68E900077BB95 /* Products */,
			);
			sourceTree = "<group>";
		};
		20DDD74A1DC68E900077BB95 /* Products */ = {
			isa = PBXGroup;
			children = (
				20DDD7491DC68E900077BB95 /* 5623_09_code.app */,
			);
			name = Products;
			sourceTree = "<group>";
		};
		20DDD74B1DC68E900077BB95 /* 5623_09_code */ = {
			isa = PBXGroup;
			children = (
				20FA29C01DC80337006F86CC /* ButtonView.swift */,
				20DDD74C1DC68E900077BB95 /* AppDelegate.swift */,
				20DDD74E1DC68E900077BB95 /* ViewController.swift */,
				20DDD7501DC68E900077BB95 /* Assets.xcassets */,
				20DDD7521DC68E900077BB95 /* Main.storyboard */,
				20DDD75B1DC697500077BB95 /* DialClockView.swift */,
				20DDD75D1DC6C3580077BB95 /* PieClockView.swift */,
				20DDD7551DC68E900077BB95 /* Info.plist */,
			);
			path = 5623_09_code;
			sourceTree = "<group>";
		};
/* End PBXGroup section */

/* Begin PBXNativeTarget section */
		20DDD7481DC68E900077BB95 /* 5623_09_code */ = {
			isa = PBXNativeTarget;
			buildConfigurationList = 20DDD7581DC68E900077BB95 /* Build configuration list for PBXNativeTarget "5623_09_code" */;
			buildPhases = (
				20DDD7451DC68E900077BB95 /* Sources */,
				20DDD7461DC68E900077BB95 /* Frameworks */,
				20DDD7471DC68E900077BB95 /* Resources */,
			);
			buildRules = (
			);
			dependencies = (
			);
			name = 5623_09_code;
			productName = 5623_09_code;
			productReference = 20DDD7491DC68E900077BB95 /* 5623_09_code.app */;
			productType = "com.apple.product-type.application";
		};
/* End PBXNativeTarget section */

/* Begin PBXProject section */
		20DDD7411DC68E900077BB95 /* Project object */ = {
			isa = PBXProject;
			attributes = {
				LastSwiftUpdateCheck = 0800;
				LastUpgradeCheck = 0800;
				ORGANIZATIONNAME = "Stuart Grimshaw";
				TargetAttributes = {
					20DDD7481DC68E900077BB95 = {
						CreatedOnToolsVersion = 8.0;
						DevelopmentTeam = 5GDE7NE8UA;
						ProvisioningStyle = Automatic;
					};
				};
			};
			buildConfigurationList = 20DDD7441DC68E900077BB95 /* Build configuration list for PBXProject "5623_09_code" */;
			compatibilityVersion = "Xcode 3.2";
			developmentRegion = English;
			hasScannedForEncodings = 0;
			knownRegions = (
				en,
				Base,
			);
			mainGroup = 20DDD7401DC68E900077BB95;
			productRefGroup = 20DDD74A1DC68E900077BB95 /* Products */;
			projectDirPath = "";
			projectRoot = "";
			targets = (
				20DDD7481DC68E900077BB95 /* 5623_09_code */,
			);
		};
/* End PBXProject section */

/* Begin PBXResourcesBuildPhase section */
		20DDD7471DC68E900077BB95 /* Resources */ = {
			isa = PBXResourcesBuildPhase;
			buildActionMask = 2147483647;
			files = (
				20DDD7511DC68E900077BB95 /* Assets.xcassets in Resources */,
				20DDD7541DC68E900077BB95 /* Main.storyboard in Resources */,
			);
			runOnlyForDeploymentPostprocessing = 0;
		};
/* End PBXResourcesBuildPhase section */

/* Begin PBXSourcesBuildPhase section */
		20DDD7451DC68E900077BB95 /* Sources */ = {
			isa = PBXSourcesBuildPhase;
			buildActionMask = 2147483647;
			files = (
				20DDD74F1DC68E900077BB95 /* ViewController.swift in Sources */,
				20DDD74D1DC68E900077BB95 /* AppDelegate.swift in Sources */,
				20FA29C41DC83EBC006F86CC /* PieClockView.swift in Sources */,
				20FA29C11DC80337006F86CC /* ButtonView.swift in Sources */,
				20FA29C31DC83EA4006F86CC /* DialClockView.swift in Sources */,
			);
			runOnlyForDeploymentPostprocessing = 0;
		};
/* End PBXSourcesBuildPhase section */

/* Begin PBXVariantGroup section */
		20DDD7521DC68E900077BB95 /* Main.storyboard */ = {
			isa = PBXVariantGroup;
			children = (
				20DDD7531DC68E900077BB95 /* Base */,
			);
			name = Main.storyboard;
			sourceTree = "<group>";
		};
/* End PBXVariantGroup section */

/* Begin XCBuildConfiguration section */
		20DDD7561DC68E900077BB95 /* Debug */ = {
			isa = XCBuildConfiguration;
			buildSettings = {
				ALWAYS_SEARCH_USER_PATHS = NO;
				CLANG_ANALYZER_NONNULL = YES;
				CLANG_CXX_LANGUAGE_STANDARD = "gnu++0x";
				CLANG_CXX_LIBRARY = "libc++";
				CLANG_ENABLE_MODULES = YES;
				CLANG_ENABLE_OBJC_ARC = YES;
				CLANG_WARN_BOOL_CONVERSION = YES;
				CLANG_WARN_CONSTANT_CONVERSION = YES;
				CLANG_WARN_DIRECT_OBJC_ISA_USAGE = YES_ERROR;
				CLANG_WARN_DOCUMENTATION_COMMENTS = YES;
				CLANG_WARN_EMPTY_BODY = YES;
				CLANG_WARN_ENUM_CONVERSION = YES;
				CLANG_WARN_INFINITE_RECURSION = YES;
				CLANG_WARN_INT_CONVERSION = YES;
				CLANG_WARN_OBJC_ROOT_CLASS = YES_ERROR;
				CLANG_WARN_SUSPICIOUS_MOVES = YES;
				CLANG_WARN_UNREACHABLE_CODE = YES;
				CLANG_WARN__DUPLICATE_METHOD_MATCH = YES;
				CODE_SIGN_IDENTITY = "-";
				COPY_PHASE_STRIP = NO;
				DEBUG_INFORMATION_FORMAT = dwarf;
				ENABLE_STRICT_OBJC_MSGSEND = YES;
				ENABLE_TESTABILITY = YES;
				GCC_C_LANGUAGE_STANDARD = gnu99;
				GCC_DYNAMIC_NO_PIC = NO;
				GCC_NO_COMMON_BLOCKS = YES;
				GCC_OPTIMIZATION_LEVEL = 0;
				GCC_PREPROCESSOR_DEFINITIONS = (
					"DEBUG=1",
					"$(inherited)",
				);
				GCC_WARN_64_TO_32_BIT_CONVERSION = YES;
				GCC_WARN_ABOUT_RETURN_TYPE = YES_ERROR;
				GCC_WARN_UNDECLARED_SELECTOR = YES;
				GCC_WARN_UNINITIALIZED_AUTOS = YES_AGGRESSIVE;
				GCC_WARN_UNUSED_FUNCTION = YES;
				GCC_WARN_UNUSED_VARIABLE = YES;
				MACOSX_DEPLOYMENT_TARGET = 10.12;
				MTL_ENABLE_DEBUG_INFO = YES;
				ONLY_ACTIVE_ARCH = YES;
				SDKROOT = macosx;
				SWIFT_ACTIVE_COMPILATION_CONDITIONS = DEBUG;
				SWIFT_OPTIMIZATION_LEVEL = "-Onone";
			};
			name = Debug;
		};
		20DDD7571DC68E900077BB95 /* Release */ = {
			isa = XCBuildConfiguration;
			buildSettings = {
				ALWAYS_SEARCH_USER_PATHS = NO;
				CLANG_ANALYZER_NONNULL = YES;
				CLANG_CXX_LANGUAGE_STANDARD = "gnu++0x";
				CLANG_CXX_LIBRARY = "libc++";
				CLANG_ENABLE_MODULES = YES;
				CLANG_ENABLE_OBJC_ARC = YES;
				CLANG_WARN_BOOL_CONVERSION = YES;
				CLANG_WARN_CONSTANT_CONVERSION = YES;
				CLANG_WARN_DIRECT_OBJC_ISA_USAGE = YES_ERROR;
				CLANG_WARN_DOCUMENTATION_COMMENTS = YES;
				CLANG_WARN_EMPTY_BODY = YES;
				CLANG_WARN_ENUM_CONVERSION = YES;
				CLANG_WARN_INFINITE_RECURSION = YES;
				CLANG_WARN_INT_CONVERSION = YES;
				CLANG_WARN_OBJC_ROOT_CLASS = YES_ERROR;
				CLANG_WARN_SUSPICIOUS_MOVES = YES;
				CLANG_WARN_UNREACHABLE_CODE = YES;
				CLANG_WARN__DUPLICATE_METHOD_MATCH = YES;
				CODE_SIGN_IDENTITY = "-";
				COPY_PHASE_STRIP = NO;
				DEBUG_INFORMATION_FORMAT = "dwarf-with-dsym";
				ENABLE_NS_ASSERTIONS = NO;
				ENABLE_STRICT_OBJC_MSGSEND = YES;
				GCC_C_LANGUAGE_STANDARD = gnu99;
				GCC_NO_COMMON_BLOCKS = YES;
				GCC_WARN_64_TO_32_BIT_CONVERSION = YES;
				GCC_WARN_ABOUT_RETURN_TYPE = YES_ERROR;
				GCC_WARN_UNDECLARED_SELECTOR = YES;
				GCC_WARN_UNINITIALIZED_AUTOS = YES_AGGRESSIVE;
				GCC_WARN_UNUSED_FUNCTION = YES;
				GCC_WARN_UNUSED_VARIABLE = YES;
				MACOSX_DEPLOYMENT_TARGET = 10.12;
				MTL_ENABLE_DEBUG_INFO = NO;
				SDKROOT = macosx;
				SWIFT_OPTIMIZATION_LEVEL = "-Owholemodule";
			};
			name = Release;
		};
		20DDD7591DC68E900077BB95 /* Debug */ = {
			isa = XCBuildConfiguration;
			buildSettings = {
				ASSETCATALOG_COMPILER_APPICON_NAME = AppIcon;
				COMBINE_HIDPI_IMAGES = YES;
				DEVELOPMENT_TEAM = 5GDE7NE8UA;
				INFOPLIST_FILE = 5623_09_code/Info.plist;
				LD_RUNPATH_SEARCH_PATHS = "$(inherited) @executable_path/../Frameworks";
				PRODUCT_BUNDLE_IDENTIFIER = "com.stusoft.-623-09-code";
				PRODUCT_NAME = "$(TARGET_NAME)";
				SWIFT_VERSION = 3.0;
			};
			name = Debug;
		};
		20DDD75A1DC68E900077BB95 /* Release */ = {
			isa = XCBuildConfiguration;
			buildSettings = {
				ASSETCATALOG_COMPILER_APPICON_NAME = AppIcon;
				COMBINE_HIDPI_IMAGES = YES;
				DEVELOPMENT_TEAM = 5GDE7NE8UA;
				INFOPLIST_FILE = 5623_09_code/Info.plist;
				LD_RUNPATH_SEARCH_PATHS = "$(inherited) @executable_path/../Frameworks";
				PRODUCT_BUNDLE_IDENTIFIER = "com.stusoft.-623-09-code";
				PRODUCT_NAME = "$(TARGET_NAME)";
				SWIFT_VERSION = 3.0;
			};
			name = Release;
		};
/* End XCBuildConfiguration section */

/* Begin XCConfigurationList section */
		20DDD7441DC68E900077BB95 /* Build configuration list for PBXProject "5623_09_code" */ = {
			isa = XCConfigurationList;
			buildConfigurations = (
				20DDD7561DC68E900077BB95 /* Debug */,
				20DDD7571DC68E900077BB95 /* Release */,
			);
			defaultConfigurationIsVisible = 0;
			defaultConfigurationName = Release;
		};
		20DDD7581DC68E900077BB95 /* Build configuration list for PBXNativeTarget "5623_09_code" */ = {
			isa = XCConfigurationList;
			buildConfigurations = (
				20DDD7591DC68E900077BB95 /* Debug */,
				20DDD75A1DC68E900077BB95 /* Release */,
			);
			defaultConfigurationIsVisible = 0;
			defaultConfigurationName = Release;
		};
/* End XCConfigurationList section */
	};
	rootObject = 20DDD7411DC68E900077BB95 /* Project object */;
}
